
Microsoft Visual Studio Solution File, Format Version 12.00
# Visual Studio Version 17
VisualStudioVersion = 17.4.33122.133
MinimumVisualStudioVersion = 10.0.40219.1
Project("{FAE04EC0-301F-11D3-BF4B-00C04F79EFBC}") = "tiktoktesting", "tiktoktesting\tiktoktesting.csproj", "{D08ECC3A-8827-478C-963E-498CF48A3FAB}"
EndProject
Global
	GlobalSection(SolutionConfigurationPlatforms) = preSolution
		Debug|Any CPU = Debug|Any CPU
		Release|Any CPU = Release|Any CPU
	EndGlobalSection
	GlobalSection(ProjectConfigurationPlatforms) = postSolution
		{D08ECC3A-8827-478C-963E-498CF48A3FAB}.Debug|Any CPU.ActiveCfg = Debug|Any CPU
		{D08ECC3A-8827-478C-963E-498CF48A3FAB}.Debug|Any CPU.Build.0 = Debug|Any CPU
		{D08ECC3A-8827-478C-963E-498CF48A3FAB}.Release|Any CPU.ActiveCfg = Release|Any CPU
		{D08ECC3A-8827-478C-963E-498CF48A3FAB}.Release|Any CPU.Build.0 = Release|Any CPU
	EndGlobalSection
	GlobalSection(SolutionProperties) = preSolution
		HideSolutionNode = FALSE
	EndGlobalSection
	GlobalSection(ExtensibilityGlobals) = postSolution
		SolutionGuid = {3D10734F-C90D-4152-B323-231BFC3D769F}
	EndGlobalSection
EndGlobal
