
Microsoft Visual Studio Solution File, Format Version 12.00
# Visual Studio Version 17
VisualStudioVersion = 17.4.33213.308
MinimumVisualStudioVersion = 10.0.40219.1
Project("{9A19103F-16F7-4668-BE54-9A1E7A4F7556}") = "SMS-Marketing", "SMS-Marketing.csproj", "{9BB952DD-1207-4B0B-975B-38ED49AD4289}"
EndProject
Global
	GlobalSection(SolutionConfigurationPlatforms) = preSolution
		Debug|Any CPU = Debug|Any CPU
		Release|Any CPU = Release|Any CPU
	EndGlobalSection
	GlobalSection(ProjectConfigurationPlatforms) = postSolution
		{9BB952DD-1207-4B0B-975B-38ED49AD4289}.Debug|Any CPU.ActiveCfg = Debug|Any CPU
		{9BB952DD-1207-4B0B-975B-38ED49AD4289}.Debug|Any CPU.Build.0 = Debug|Any CPU
		{9BB952DD-1207-4B0B-975B-38ED49AD4289}.Release|Any CPU.ActiveCfg = Release|Any CPU
		{9BB952DD-1207-4B0B-975B-38ED49AD4289}.Release|Any CPU.Build.0 = Release|Any CPU
	EndGlobalSection
	GlobalSection(SolutionProperties) = preSolution
		HideSolutionNode = FALSE
	EndGlobalSection
	GlobalSection(ExtensibilityGlobals) = postSolution
		SolutionGuid = {EA5B40C0-6034-41D0-87E5-41AD459B2691}
	EndGlobalSection
EndGlobal
