
Microsoft Visual Studio Solution File, Format Version 12.00
# Visual Studio Version 17
VisualStudioVersion = 17.4.33122.133
MinimumVisualStudioVersion = 10.0.40219.1
Project("{FAE04EC0-301F-11D3-BF4B-00C04F79EFBC}") = "tiktoktest2", "tiktoktest2\tiktoktest2.csproj", "{BA86DB84-583A-4BE7-8BF4-EADE9802CF1E}"
EndProject
Global
	GlobalSection(SolutionConfigurationPlatforms) = preSolution
		Debug|Any CPU = Debug|Any CPU
		Release|Any CPU = Release|Any CPU
	EndGlobalSection
	GlobalSection(ProjectConfigurationPlatforms) = postSolution
		{BA86DB84-583A-4BE7-8BF4-EADE9802CF1E}.Debug|Any CPU.ActiveCfg = Debug|Any CPU
		{BA86DB84-583A-4BE7-8BF4-EADE9802CF1E}.Debug|Any CPU.Build.0 = Debug|Any CPU
		{BA86DB84-583A-4BE7-8BF4-EADE9802CF1E}.Release|Any CPU.ActiveCfg = Release|Any CPU
		{BA86DB84-583A-4BE7-8BF4-EADE9802CF1E}.Release|Any CPU.Build.0 = Release|Any CPU
	EndGlobalSection
	GlobalSection(SolutionProperties) = preSolution
		HideSolutionNode = FALSE
	EndGlobalSection
	GlobalSection(ExtensibilityGlobals) = postSolution
		SolutionGuid = {02C9430F-D981-409E-8291-B90E4F19C762}
	EndGlobalSection
EndGlobal
